
Microsoft Visual Studio Solution File, Format Version 12.00
# Visual Studio Version 17
VisualStudioVersion = 17.7.34024.191
MinimumVisualStudioVersion = 10.0.40219.1
Project("{FAE04EC0-301F-11D3-BF4B-00C04F79EFBC}") = "Labaa6_2", "Labaa6_2.csproj", "{A5289709-7CC5-41AA-B397-4132B8061EFB}"
EndProject
Global
	GlobalSection(SolutionConfigurationPlatforms) = preSolution
		Debug|Any CPU = Debug|Any CPU
		Release|Any CPU = Release|Any CPU
	EndGlobalSection
	GlobalSection(ProjectConfigurationPlatforms) = postSolution
		{A5289709-7CC5-41AA-B397-4132B8061EFB}.Debug|Any CPU.ActiveCfg = Debug|Any CPU
		{A5289709-7CC5-41AA-B397-4132B8061EFB}.Debug|Any CPU.Build.0 = Debug|Any CPU
		{A5289709-7CC5-41AA-B397-4132B8061EFB}.Release|Any CPU.ActiveCfg = Release|Any CPU
		{A5289709-7CC5-41AA-B397-4132B8061EFB}.Release|Any CPU.Build.0 = Release|Any CPU
	EndGlobalSection
	GlobalSection(SolutionProperties) = preSolution
		HideSolutionNode = FALSE
	EndGlobalSection
	GlobalSection(ExtensibilityGlobals) = postSolution
		SolutionGuid = {8FDC46FD-E837-486C-82E4-E88E5EE8C941}
	EndGlobalSection
EndGlobal
